// !$*UTF8*$!
{
	archiveVersion = 1;
	classes = {
	};
	objectVersion = 55;
	objects = {

/* Begin PBXBuildFile section */
		3104C32F278B288C006AF28B /* HomeScreenCell.swift in Sources */ = {isa = PBXBuildFile; fileRef = 3104C32D278B288C006AF28B /* HomeScreenCell.swift */; };
		3104C330278B288C006AF28B /* HomeScreenCell.xib in Resources */ = {isa = PBXBuildFile; fileRef = 3104C32E278B288C006AF28B /* HomeScreenCell.xib */; };
		3104C333278C587C006AF28B /* HomeScreenCellViewModel.swift in Sources */ = {isa = PBXBuildFile; fileRef = 3104C332278C587C006AF28B /* HomeScreenCellViewModel.swift */; };
		3104C336278C8556006AF28B /* HomeViewLegacy.swift in Sources */ = {isa = PBXBuildFile; fileRef = 3104C335278C8556006AF28B /* HomeViewLegacy.swift */; };
		3133DD3C27A9A91A00007428 /* CaBRiblets.framework in Frameworks */ = {isa = PBXBuildFile; fileRef = 3133DD3B27A9A90F00007428 /* CaBRiblets.framework */; };
		3133DD3D27A9A91A00007428 /* CaBRiblets.framework in Embed Frameworks */ = {isa = PBXBuildFile; fileRef = 3133DD3B27A9A90F00007428 /* CaBRiblets.framework */; settings = {ATTRIBUTES = (CodeSignOnCopy, RemoveHeadersOnCopy, ); }; };
		3133DD6A27B054F200007428 /* CaBAuthorization.framework in Frameworks */ = {isa = PBXBuildFile; fileRef = 3133DD6927B054D900007428 /* CaBAuthorization.framework */; };
		3133DD6B27B054F200007428 /* CaBAuthorization.framework in Embed Frameworks */ = {isa = PBXBuildFile; fileRef = 3133DD6927B054D900007428 /* CaBAuthorization.framework */; settings = {ATTRIBUTES = (CodeSignOnCopy, RemoveHeadersOnCopy, ); }; };
		31932C8E2782FEDE00BCBDAA /* AppDelegate.swift in Sources */ = {isa = PBXBuildFile; fileRef = 31932C8D2782FEDE00BCBDAA /* AppDelegate.swift */; };
		31932C902782FEDE00BCBDAA /* SceneDelegate.swift in Sources */ = {isa = PBXBuildFile; fileRef = 31932C8F2782FEDE00BCBDAA /* SceneDelegate.swift */; };
		31932C952782FEDE00BCBDAA /* Main.storyboard in Resources */ = {isa = PBXBuildFile; fileRef = 31932C932782FEDE00BCBDAA /* Main.storyboard */; };
		31932C972782FEE100BCBDAA /* Assets.xcassets in Resources */ = {isa = PBXBuildFile; fileRef = 31932C962782FEE100BCBDAA /* Assets.xcassets */; };
		31932C9A2782FEE100BCBDAA /* LaunchScreen.storyboard in Resources */ = {isa = PBXBuildFile; fileRef = 31932C982782FEE100BCBDAA /* LaunchScreen.storyboard */; };
		31932CAF2783098200BCBDAA /* CaBUIKit.framework in Frameworks */ = {isa = PBXBuildFile; fileRef = 31932CAE278308E100BCBDAA /* CaBUIKit.framework */; };
		31932CB02783098200BCBDAA /* CaBUIKit.framework in Embed Frameworks */ = {isa = PBXBuildFile; fileRef = 31932CAE278308E100BCBDAA /* CaBUIKit.framework */; settings = {ATTRIBUTES = (CodeSignOnCopy, RemoveHeadersOnCopy, ); }; };
		31932CB8278309E300BCBDAA /* CaBSDK.framework in Frameworks */ = {isa = PBXBuildFile; fileRef = 31932CB7278309DB00BCBDAA /* CaBSDK.framework */; };
		31932CB9278309E300BCBDAA /* CaBSDK.framework in Embed Frameworks */ = {isa = PBXBuildFile; fileRef = 31932CB7278309DB00BCBDAA /* CaBSDK.framework */; settings = {ATTRIBUTES = (CodeSignOnCopy, RemoveHeadersOnCopy, ); }; };
		319852B5279045010007890C /* HomeScreenCellViewModelFactory.swift in Sources */ = {isa = PBXBuildFile; fileRef = 319852B4279045010007890C /* HomeScreenCellViewModelFactory.swift */; };
		31A453AF2785AFC300290D97 /* CaBBarcodeReader.framework in Frameworks */ = {isa = PBXBuildFile; fileRef = 31A453AC2785AFBD00290D97 /* CaBBarcodeReader.framework */; };
		31A453B02785AFC300290D97 /* CaBBarcodeReader.framework in Embed Frameworks */ = {isa = PBXBuildFile; fileRef = 31A453AC2785AFBD00290D97 /* CaBBarcodeReader.framework */; settings = {ATTRIBUTES = (CodeSignOnCopy, RemoveHeadersOnCopy, ); }; };
		FD79374A282D4EC5009B091C /* HealthSpot.xcdatamodeld in Sources */ = {isa = PBXBuildFile; fileRef = FD793748282D4EC5009B091C /* HealthSpot.xcdatamodeld */; };
		FD7DCB9E282AA1890068434E /* MainPresenter.swift in Sources */ = {isa = PBXBuildFile; fileRef = FD7DCB9D282AA1890068434E /* MainPresenter.swift */; };
		FD7F7C66282471C00055D2F3 /* MainView.swift in Sources */ = {isa = PBXBuildFile; fileRef = FD7F7C65282471C00055D2F3 /* MainView.swift */; };
		FD7F7C682824722D0055D2F3 /* MainRouter.swift in Sources */ = {isa = PBXBuildFile; fileRef = FD7F7C672824722D0055D2F3 /* MainRouter.swift */; };
		FD7F7C6A282472370055D2F3 /* MainInteractor.swift in Sources */ = {isa = PBXBuildFile; fileRef = FD7F7C69282472370055D2F3 /* MainInteractor.swift */; };
		FD7F7C6C282472460055D2F3 /* MainBuilder.swift in Sources */ = {isa = PBXBuildFile; fileRef = FD7F7C6B282472460055D2F3 /* MainBuilder.swift */; };
		FD92D07628294FC1008CE6DA /* UIImage+HealthSpot.swift in Sources */ = {isa = PBXBuildFile; fileRef = FD92D07528294FC1008CE6DA /* UIImage+HealthSpot.swift */; };
		FDA3C19D28212D75008CDDDF /* HealthSpotRootRouter.swift in Sources */ = {isa = PBXBuildFile; fileRef = FDA3C19C28212D75008CDDDF /* HealthSpotRootRouter.swift */; };
		FDA3C19F28212D8C008CDDDF /* HealthSpotRootInteractor.swift in Sources */ = {isa = PBXBuildFile; fileRef = FDA3C19E28212D8C008CDDDF /* HealthSpotRootInteractor.swift */; };
		FDA3C1A128212D9E008CDDDF /* HealthSpotRootBuilder.swift in Sources */ = {isa = PBXBuildFile; fileRef = FDA3C1A028212D9E008CDDDF /* HealthSpotRootBuilder.swift */; };
/* End PBXBuildFile section */

/* Begin PBXContainerItemProxy section */
		3133DD3A27A9A90F00007428 /* PBXContainerItemProxy */ = {
			isa = PBXContainerItemProxy;
			containerPortal = 3133DD3627A9A90F00007428 /* CaBRiblets.xcodeproj */;
			proxyType = 2;
			remoteGlobalIDString = 3133DD1D27A9A8AA00007428;
			remoteInfo = CaBRiblets;
		};
		3133DD6827B054D900007428 /* PBXContainerItemProxy */ = {
			isa = PBXContainerItemProxy;
			containerPortal = 3133DD6427B054D800007428 /* CaBAuthorization.xcodeproj */;
			proxyType = 2;
			remoteGlobalIDString = 3133DD5827B054B800007428;
			remoteInfo = CaBAuthorization;
		};
		31932CAD278308E100BCBDAA /* PBXContainerItemProxy */ = {
			isa = PBXContainerItemProxy;
			containerPortal = 31932CA9278308E000BCBDAA /* CaBUIKit.xcodeproj */;
			proxyType = 2;
			remoteGlobalIDString = 314131D62685DE6900BB2749;
			remoteInfo = CaBUIKit;
		};
		31932CB6278309DB00BCBDAA /* PBXContainerItemProxy */ = {
			isa = PBXContainerItemProxy;
			containerPortal = 31932CB2278309DB00BCBDAA /* CaBSDK.xcodeproj */;
			proxyType = 2;
			remoteGlobalIDString = 31FB819D268614E900500FE1;
			remoteInfo = CaBSDK;
		};
		31A453AB2785AFBD00290D97 /* PBXContainerItemProxy */ = {
			isa = PBXContainerItemProxy;
			containerPortal = 31A453A72785AFBD00290D97 /* CaBBarcodeReader.xcodeproj */;
			proxyType = 2;
			remoteGlobalIDString = 31A4539B2785AF9300290D97;
			remoteInfo = CaBBarcodeReader;
		};
/* End PBXContainerItemProxy section */

/* Begin PBXCopyFilesBuildPhase section */
		31932CB12783098200BCBDAA /* Embed Frameworks */ = {
			isa = PBXCopyFilesBuildPhase;
			buildActionMask = 2147483647;
			dstPath = "";
			dstSubfolderSpec = 10;
			files = (
				31932CB9278309E300BCBDAA /* CaBSDK.framework in Embed Frameworks */,
				3133DD6B27B054F200007428 /* CaBAuthorization.framework in Embed Frameworks */,
				31932CB02783098200BCBDAA /* CaBUIKit.framework in Embed Frameworks */,
				31A453B02785AFC300290D97 /* CaBBarcodeReader.framework in Embed Frameworks */,
				3133DD3D27A9A91A00007428 /* CaBRiblets.framework in Embed Frameworks */,
			);
			name = "Embed Frameworks";
			runOnlyForDeploymentPostprocessing = 0;
		};
/* End PBXCopyFilesBuildPhase section */

/* Begin PBXFileReference section */
		3104C32D278B288C006AF28B /* HomeScreenCell.swift */ = {isa = PBXFileReference; lastKnownFileType = sourcecode.swift; path = HomeScreenCell.swift; sourceTree = "<group>"; };
		3104C32E278B288C006AF28B /* HomeScreenCell.xib */ = {isa = PBXFileReference; lastKnownFileType = file.xib; path = HomeScreenCell.xib; sourceTree = "<group>"; };
		3104C332278C587C006AF28B /* HomeScreenCellViewModel.swift */ = {isa = PBXFileReference; lastKnownFileType = sourcecode.swift; path = HomeScreenCellViewModel.swift; sourceTree = "<group>"; };
		3104C335278C8556006AF28B /* HomeViewLegacy.swift */ = {isa = PBXFileReference; lastKnownFileType = sourcecode.swift; path = HomeViewLegacy.swift; sourceTree = "<group>"; };
		3133DD3627A9A90F00007428 /* CaBRiblets.xcodeproj */ = {isa = PBXFileReference; lastKnownFileType = "wrapper.pb-project"; name = CaBRiblets.xcodeproj; path = ../CaBRiblets/CaBRiblets.xcodeproj; sourceTree = "<group>"; };
		3133DD6427B054D800007428 /* CaBAuthorization.xcodeproj */ = {isa = PBXFileReference; lastKnownFileType = "wrapper.pb-project"; name = CaBAuthorization.xcodeproj; path = ../CaBAuthorization/CaBAuthorization.xcodeproj; sourceTree = "<group>"; };
		31932C8A2782FEDE00BCBDAA /* HealthSpot.app */ = {isa = PBXFileReference; explicitFileType = wrapper.application; includeInIndex = 0; path = HealthSpot.app; sourceTree = BUILT_PRODUCTS_DIR; };
		31932C8D2782FEDE00BCBDAA /* AppDelegate.swift */ = {isa = PBXFileReference; lastKnownFileType = sourcecode.swift; path = AppDelegate.swift; sourceTree = "<group>"; };
		31932C8F2782FEDE00BCBDAA /* SceneDelegate.swift */ = {isa = PBXFileReference; lastKnownFileType = sourcecode.swift; path = SceneDelegate.swift; sourceTree = "<group>"; };
		31932C942782FEDE00BCBDAA /* Base */ = {isa = PBXFileReference; lastKnownFileType = file.storyboard; name = Base; path = Base.lproj/Main.storyboard; sourceTree = "<group>"; };
		31932C962782FEE100BCBDAA /* Assets.xcassets */ = {isa = PBXFileReference; lastKnownFileType = folder.assetcatalog; path = Assets.xcassets; sourceTree = "<group>"; };
		31932C992782FEE100BCBDAA /* Base */ = {isa = PBXFileReference; lastKnownFileType = file.storyboard; name = Base; path = Base.lproj/LaunchScreen.storyboard; sourceTree = "<group>"; };
		31932C9B2782FEE100BCBDAA /* Info.plist */ = {isa = PBXFileReference; lastKnownFileType = text.plist.xml; path = Info.plist; sourceTree = "<group>"; };
		31932CA9278308E000BCBDAA /* CaBUIKit.xcodeproj */ = {isa = PBXFileReference; lastKnownFileType = "wrapper.pb-project"; name = CaBUIKit.xcodeproj; path = ../CaBUIKit/CaBUIKit.xcodeproj; sourceTree = "<group>"; };
		31932CB2278309DB00BCBDAA /* CaBSDK.xcodeproj */ = {isa = PBXFileReference; lastKnownFileType = "wrapper.pb-project"; name = CaBSDK.xcodeproj; path = ../CaBSDK/CaBSDK.xcodeproj; sourceTree = "<group>"; };
		319852B4279045010007890C /* HomeScreenCellViewModelFactory.swift */ = {isa = PBXFileReference; lastKnownFileType = sourcecode.swift; path = HomeScreenCellViewModelFactory.swift; sourceTree = "<group>"; };
		31A453A72785AFBD00290D97 /* CaBBarcodeReader.xcodeproj */ = {isa = PBXFileReference; lastKnownFileType = "wrapper.pb-project"; name = CaBBarcodeReader.xcodeproj; path = ../CaBBarcodeReader/CaBBarcodeReader.xcodeproj; sourceTree = "<group>"; };
		FD793749282D4EC5009B091C /* HealthSpot.xcdatamodel */ = {isa = PBXFileReference; lastKnownFileType = wrapper.xcdatamodel; path = HealthSpot.xcdatamodel; sourceTree = "<group>"; };
		FD7DCB9D282AA1890068434E /* MainPresenter.swift */ = {isa = PBXFileReference; lastKnownFileType = sourcecode.swift; path = MainPresenter.swift; sourceTree = "<group>"; };
		FD7F7C65282471C00055D2F3 /* MainView.swift */ = {isa = PBXFileReference; lastKnownFileType = sourcecode.swift; path = MainView.swift; sourceTree = "<group>"; };
		FD7F7C672824722D0055D2F3 /* MainRouter.swift */ = {isa = PBXFileReference; lastKnownFileType = sourcecode.swift; path = MainRouter.swift; sourceTree = "<group>"; };
		FD7F7C69282472370055D2F3 /* MainInteractor.swift */ = {isa = PBXFileReference; lastKnownFileType = sourcecode.swift; path = MainInteractor.swift; sourceTree = "<group>"; };
		FD7F7C6B282472460055D2F3 /* MainBuilder.swift */ = {isa = PBXFileReference; lastKnownFileType = sourcecode.swift; path = MainBuilder.swift; sourceTree = "<group>"; };
		FD92D07528294FC1008CE6DA /* UIImage+HealthSpot.swift */ = {isa = PBXFileReference; lastKnownFileType = sourcecode.swift; path = "UIImage+HealthSpot.swift"; sourceTree = "<group>"; };
		FDA3C19C28212D75008CDDDF /* HealthSpotRootRouter.swift */ = {isa = PBXFileReference; lastKnownFileType = sourcecode.swift; path = HealthSpotRootRouter.swift; sourceTree = "<group>"; };
		FDA3C19E28212D8C008CDDDF /* HealthSpotRootInteractor.swift */ = {isa = PBXFileReference; lastKnownFileType = sourcecode.swift; path = HealthSpotRootInteractor.swift; sourceTree = "<group>"; };
		FDA3C1A028212D9E008CDDDF /* HealthSpotRootBuilder.swift */ = {isa = PBXFileReference; lastKnownFileType = sourcecode.swift; path = HealthSpotRootBuilder.swift; sourceTree = "<group>"; };
/* End PBXFileReference section */

/* Begin PBXFrameworksBuildPhase section */
		31932C872782FEDE00BCBDAA /* Frameworks */ = {
			isa = PBXFrameworksBuildPhase;
			buildActionMask = 2147483647;
			files = (
				31932CB8278309E300BCBDAA /* CaBSDK.framework in Frameworks */,
				3133DD6A27B054F200007428 /* CaBAuthorization.framework in Frameworks */,
				31932CAF2783098200BCBDAA /* CaBUIKit.framework in Frameworks */,
				31A453AF2785AFC300290D97 /* CaBBarcodeReader.framework in Frameworks */,
				3133DD3C27A9A91A00007428 /* CaBRiblets.framework in Frameworks */,
			);
			runOnlyForDeploymentPostprocessing = 0;
		};
/* End PBXFrameworksBuildPhase section */

/* Begin PBXGroup section */
		3104C327278B27ED006AF28B /* Main */ = {
			isa = PBXGroup;
			children = (
				FD7F7C5E282470070055D2F3 /* RIB */,
				3104C334278C8480006AF28B /* Home */,
			);
			path = Main;
			sourceTree = "<group>";
		};
		3104C32B278B2820006AF28B /* HomeScreenCell */ = {
			isa = PBXGroup;
			children = (
				3104C32C278B2840006AF28B /* View */,
			);
			path = HomeScreenCell;
			sourceTree = "<group>";
		};
		3104C32C278B2840006AF28B /* View */ = {
			isa = PBXGroup;
			children = (
				3104C331278C5866006AF28B /* ViewModel */,
				3104C32D278B288C006AF28B /* HomeScreenCell.swift */,
				3104C32E278B288C006AF28B /* HomeScreenCell.xib */,
			);
			path = View;
			sourceTree = "<group>";
		};
		3104C331278C5866006AF28B /* ViewModel */ = {
			isa = PBXGroup;
			children = (
				319852B4279045010007890C /* HomeScreenCellViewModelFactory.swift */,
				3104C332278C587C006AF28B /* HomeScreenCellViewModel.swift */,
			);
			path = ViewModel;
			sourceTree = "<group>";
		};
		3104C334278C8480006AF28B /* Home */ = {
			isa = PBXGroup;
			children = (
				3104C32B278B2820006AF28B /* HomeScreenCell */,
				3104C335278C8556006AF28B /* HomeViewLegacy.swift */,
			);
			path = Home;
			sourceTree = "<group>";
		};
		3133DD3727A9A90F00007428 /* Products */ = {
			isa = PBXGroup;
			children = (
				3133DD3B27A9A90F00007428 /* CaBRiblets.framework */,
			);
			name = Products;
			sourceTree = "<group>";
		};
		3133DD6527B054D800007428 /* Products */ = {
			isa = PBXGroup;
			children = (
				3133DD6927B054D900007428 /* CaBAuthorization.framework */,
			);
			name = Products;
			sourceTree = "<group>";
		};
		31932C812782FEDE00BCBDAA = {
			isa = PBXGroup;
			children = (
				31932C8C2782FEDE00BCBDAA /* HealthSpot */,
				31932C8B2782FEDE00BCBDAA /* Products */,
				31932CA8278308E000BCBDAA /* Frameworks */,
			);
			sourceTree = "<group>";
		};
		31932C8B2782FEDE00BCBDAA /* Products */ = {
			isa = PBXGroup;
			children = (
				31932C8A2782FEDE00BCBDAA /* HealthSpot.app */,
			);
			name = Products;
			sourceTree = "<group>";
		};
		31932C8C2782FEDE00BCBDAA /* HealthSpot */ = {
			isa = PBXGroup;
			children = (
				FDA3C19A28212D48008CDDDF /* Root */,
				3104C327278B27ED006AF28B /* Main */,
				31932CA32782FF8900BCBDAA /* Resources */,
				31932CA22782FF2600BCBDAA /* Sources */,
			);
			path = HealthSpot;
			sourceTree = "<group>";
		};
		31932CA22782FF2600BCBDAA /* Sources */ = {
			isa = PBXGroup;
			children = (
				FD92D06F28294FAB008CE6DA /* Extensions */,
				31932C8D2782FEDE00BCBDAA /* AppDelegate.swift */,
				31932C8F2782FEDE00BCBDAA /* SceneDelegate.swift */,
			);
			path = Sources;
			sourceTree = "<group>";
		};
		31932CA32782FF8900BCBDAA /* Resources */ = {
			isa = PBXGroup;
			children = (
				FD793742282D4EAC009B091C /* CoreDataModel */,
				31932CA52782FFA100BCBDAA /* Plists */,
				31932CA42782FF9500BCBDAA /* Storyboards */,
				31932C962782FEE100BCBDAA /* Assets.xcassets */,
			);
			path = Resources;
			sourceTree = "<group>";
		};
		31932CA42782FF9500BCBDAA /* Storyboards */ = {
			isa = PBXGroup;
			children = (
				31932C932782FEDE00BCBDAA /* Main.storyboard */,
				31932C982782FEE100BCBDAA /* LaunchScreen.storyboard */,
			);
			path = Storyboards;
			sourceTree = "<group>";
		};
		31932CA52782FFA100BCBDAA /* Plists */ = {
			isa = PBXGroup;
			children = (
				31932C9B2782FEE100BCBDAA /* Info.plist */,
			);
			path = Plists;
			sourceTree = "<group>";
		};
		31932CA8278308E000BCBDAA /* Frameworks */ = {
			isa = PBXGroup;
			children = (
				3133DD6427B054D800007428 /* CaBAuthorization.xcodeproj */,
				3133DD3627A9A90F00007428 /* CaBRiblets.xcodeproj */,
				31A453A72785AFBD00290D97 /* CaBBarcodeReader.xcodeproj */,
				31932CB2278309DB00BCBDAA /* CaBSDK.xcodeproj */,
				31932CA9278308E000BCBDAA /* CaBUIKit.xcodeproj */,
			);
			name = Frameworks;
			sourceTree = "<group>";
		};
		31932CAA278308E000BCBDAA /* Products */ = {
			isa = PBXGroup;
			children = (
				31932CAE278308E100BCBDAA /* CaBUIKit.framework */,
			);
			name = Products;
			sourceTree = "<group>";
		};
		31932CB3278309DB00BCBDAA /* Products */ = {
			isa = PBXGroup;
			children = (
				31932CB7278309DB00BCBDAA /* CaBSDK.framework */,
			);
			name = Products;
			sourceTree = "<group>";
		};
		31A453A82785AFBD00290D97 /* Products */ = {
			isa = PBXGroup;
			children = (
				31A453AC2785AFBD00290D97 /* CaBBarcodeReader.framework */,
			);
			name = Products;
			sourceTree = "<group>";
		};
		FD793742282D4EAC009B091C /* CoreDataModel */ = {
			isa = PBXGroup;
			children = (
				FD793748282D4EC5009B091C /* HealthSpot.xcdatamodeld */,
			);
			path = CoreDataModel;
			sourceTree = "<group>";
		};
		FD7F7C5E282470070055D2F3 /* RIB */ = {
			isa = PBXGroup;
			children = (
				FD7F7C64282471410055D2F3 /* View */,
				FD7F7C672824722D0055D2F3 /* MainRouter.swift */,
				FD7F7C69282472370055D2F3 /* MainInteractor.swift */,
				FD7F7C6B282472460055D2F3 /* MainBuilder.swift */,
				FD7DCB9D282AA1890068434E /* MainPresenter.swift */,
			);
			path = RIB;
			sourceTree = "<group>";
		};
		FD7F7C64282471410055D2F3 /* View */ = {
			isa = PBXGroup;
			children = (
				FD7F7C65282471C00055D2F3 /* MainView.swift */,
			);
			path = View;
			sourceTree = "<group>";
		};
		FD7F7C6D2824C40A0055D2F3 /* View */ = {
			isa = PBXGroup;
			children = (
			);
			path = View;
			sourceTree = "<group>";
		};
		FD92D06F28294FAB008CE6DA /* Extensions */ = {
			isa = PBXGroup;
			children = (
				FD92D07528294FC1008CE6DA /* UIImage+HealthSpot.swift */,
			);
			path = Extensions;
			sourceTree = "<group>";
		};
		FDA3C19A28212D48008CDDDF /* Root */ = {
			isa = PBXGroup;
			children = (
				FDA3C19B28212D56008CDDDF /* RIB */,
			);
			path = Root;
			sourceTree = "<group>";
		};
		FDA3C19B28212D56008CDDDF /* RIB */ = {
			isa = PBXGroup;
			children = (
				FD7F7C6D2824C40A0055D2F3 /* View */,
				FDA3C19C28212D75008CDDDF /* HealthSpotRootRouter.swift */,
				FDA3C19E28212D8C008CDDDF /* HealthSpotRootInteractor.swift */,
				FDA3C1A028212D9E008CDDDF /* HealthSpotRootBuilder.swift */,
			);
			path = RIB;
			sourceTree = "<group>";
		};
/* End PBXGroup section */

/* Begin PBXNativeTarget section */
		31932C892782FEDE00BCBDAA /* HealthSpot */ = {
			isa = PBXNativeTarget;
			buildConfigurationList = 31932C9E2782FEE100BCBDAA /* Build configuration list for PBXNativeTarget "HealthSpot" */;
			buildPhases = (
				31932C862782FEDE00BCBDAA /* Sources */,
				31932C872782FEDE00BCBDAA /* Frameworks */,
				31932C882782FEDE00BCBDAA /* Resources */,
				31932CB12783098200BCBDAA /* Embed Frameworks */,
			);
			buildRules = (
			);
			dependencies = (
			);
			name = HealthSpot;
			productName = HealthSpot;
			productReference = 31932C8A2782FEDE00BCBDAA /* HealthSpot.app */;
			productType = "com.apple.product-type.application";
		};
/* End PBXNativeTarget section */

/* Begin PBXProject section */
		31932C822782FEDE00BCBDAA /* Project object */ = {
			isa = PBXProject;
			attributes = {
				BuildIndependentTargetsInParallel = 1;
				LastSwiftUpdateCheck = 1320;
				LastUpgradeCheck = 1320;
				TargetAttributes = {
					31932C892782FEDE00BCBDAA = {
						CreatedOnToolsVersion = 13.2.1;
					};
				};
			};
			buildConfigurationList = 31932C852782FEDE00BCBDAA /* Build configuration list for PBXProject "HealthSpot" */;
			compatibilityVersion = "Xcode 13.0";
			developmentRegion = en;
			hasScannedForEncodings = 0;
			knownRegions = (
				en,
				Base,
			);
			mainGroup = 31932C812782FEDE00BCBDAA;
			productRefGroup = 31932C8B2782FEDE00BCBDAA /* Products */;
			projectDirPath = "";
			projectReferences = (
				{
					ProductGroup = 3133DD6527B054D800007428 /* Products */;
					ProjectRef = 3133DD6427B054D800007428 /* CaBAuthorization.xcodeproj */;
				},
				{
					ProductGroup = 31A453A82785AFBD00290D97 /* Products */;
					ProjectRef = 31A453A72785AFBD00290D97 /* CaBBarcodeReader.xcodeproj */;
				},
				{
					ProductGroup = 3133DD3727A9A90F00007428 /* Products */;
					ProjectRef = 3133DD3627A9A90F00007428 /* CaBRiblets.xcodeproj */;
				},
				{
					ProductGroup = 31932CB3278309DB00BCBDAA /* Products */;
					ProjectRef = 31932CB2278309DB00BCBDAA /* CaBSDK.xcodeproj */;
				},
				{
					ProductGroup = 31932CAA278308E000BCBDAA /* Products */;
					ProjectRef = 31932CA9278308E000BCBDAA /* CaBUIKit.xcodeproj */;
				},
			);
			projectRoot = "";
			targets = (
				31932C892782FEDE00BCBDAA /* HealthSpot */,
			);
		};
/* End PBXProject section */

/* Begin PBXReferenceProxy section */
		3133DD3B27A9A90F00007428 /* CaBRiblets.framework */ = {
			isa = PBXReferenceProxy;
			fileType = wrapper.framework;
			path = CaBRiblets.framework;
			remoteRef = 3133DD3A27A9A90F00007428 /* PBXContainerItemProxy */;
			sourceTree = BUILT_PRODUCTS_DIR;
		};
		3133DD6927B054D900007428 /* CaBAuthorization.framework */ = {
			isa = PBXReferenceProxy;
			fileType = wrapper.framework;
			path = CaBAuthorization.framework;
			remoteRef = 3133DD6827B054D900007428 /* PBXContainerItemProxy */;
			sourceTree = BUILT_PRODUCTS_DIR;
		};
		31932CAE278308E100BCBDAA /* CaBUIKit.framework */ = {
			isa = PBXReferenceProxy;
			fileType = wrapper.framework;
			path = CaBUIKit.framework;
			remoteRef = 31932CAD278308E100BCBDAA /* PBXContainerItemProxy */;
			sourceTree = BUILT_PRODUCTS_DIR;
		};
		31932CB7278309DB00BCBDAA /* CaBSDK.framework */ = {
			isa = PBXReferenceProxy;
			fileType = wrapper.framework;
			path = CaBSDK.framework;
			remoteRef = 31932CB6278309DB00BCBDAA /* PBXContainerItemProxy */;
			sourceTree = BUILT_PRODUCTS_DIR;
		};
		31A453AC2785AFBD00290D97 /* CaBBarcodeReader.framework */ = {
			isa = PBXReferenceProxy;
			fileType = wrapper.framework;
			path = CaBBarcodeReader.framework;
			remoteRef = 31A453AB2785AFBD00290D97 /* PBXContainerItemProxy */;
			sourceTree = BUILT_PRODUCTS_DIR;
		};
/* End PBXReferenceProxy section */

/* Begin PBXResourcesBuildPhase section */
		31932C882782FEDE00BCBDAA /* Resources */ = {
			isa = PBXResourcesBuildPhase;
			buildActionMask = 2147483647;
			files = (
				3104C330278B288C006AF28B /* HomeScreenCell.xib in Resources */,
				31932C9A2782FEE100BCBDAA /* LaunchScreen.storyboard in Resources */,
				31932C972782FEE100BCBDAA /* Assets.xcassets in Resources */,
				31932C952782FEDE00BCBDAA /* Main.storyboard in Resources */,
			);
			runOnlyForDeploymentPostprocessing = 0;
		};
/* End PBXResourcesBuildPhase section */

/* Begin PBXSourcesBuildPhase section */
		31932C862782FEDE00BCBDAA /* Sources */ = {
			isa = PBXSourcesBuildPhase;
			buildActionMask = 2147483647;
			files = (
				FDA3C1A128212D9E008CDDDF /* HealthSpotRootBuilder.swift in Sources */,
				FD7F7C6C282472460055D2F3 /* MainBuilder.swift in Sources */,
				3104C32F278B288C006AF28B /* HomeScreenCell.swift in Sources */,
				3104C333278C587C006AF28B /* HomeScreenCellViewModel.swift in Sources */,
				FD7F7C6A282472370055D2F3 /* MainInteractor.swift in Sources */,
				FD7F7C66282471C00055D2F3 /* MainView.swift in Sources */,
				319852B5279045010007890C /* HomeScreenCellViewModelFactory.swift in Sources */,
				31932C8E2782FEDE00BCBDAA /* AppDelegate.swift in Sources */,
				FDA3C19F28212D8C008CDDDF /* HealthSpotRootInteractor.swift in Sources */,
				FD92D07628294FC1008CE6DA /* UIImage+HealthSpot.swift in Sources */,
				FD7DCB9E282AA1890068434E /* MainPresenter.swift in Sources */,
				FD79374A282D4EC5009B091C /* HealthSpot.xcdatamodeld in Sources */,
				3104C336278C8556006AF28B /* HomeViewLegacy.swift in Sources */,
				FDA3C19D28212D75008CDDDF /* HealthSpotRootRouter.swift in Sources */,
				31932C902782FEDE00BCBDAA /* SceneDelegate.swift in Sources */,
				FD7F7C682824722D0055D2F3 /* MainRouter.swift in Sources */,
			);
			runOnlyForDeploymentPostprocessing = 0;
		};
/* End PBXSourcesBuildPhase section */

/* Begin PBXVariantGroup section */
		31932C932782FEDE00BCBDAA /* Main.storyboard */ = {
			isa = PBXVariantGroup;
			children = (
				31932C942782FEDE00BCBDAA /* Base */,
			);
			name = Main.storyboard;
			sourceTree = "<group>";
		};
		31932C982782FEE100BCBDAA /* LaunchScreen.storyboard */ = {
			isa = PBXVariantGroup;
			children = (
				31932C992782FEE100BCBDAA /* Base */,
			);
			name = LaunchScreen.storyboard;
			sourceTree = "<group>";
		};
/* End PBXVariantGroup section */

/* Begin XCBuildConfiguration section */
		31932C9C2782FEE100BCBDAA /* Debug */ = {
			isa = XCBuildConfiguration;
			buildSettings = {
				ALWAYS_SEARCH_USER_PATHS = NO;
				CLANG_ANALYZER_NONNULL = YES;
				CLANG_ANALYZER_NUMBER_OBJECT_CONVERSION = YES_AGGRESSIVE;
				CLANG_CXX_LANGUAGE_STANDARD = "gnu++17";
				CLANG_CXX_LIBRARY = "libc++";
				CLANG_ENABLE_MODULES = YES;
				CLANG_ENABLE_OBJC_ARC = YES;
				CLANG_ENABLE_OBJC_WEAK = YES;
				CLANG_WARN_BLOCK_CAPTURE_AUTORELEASING = YES;
				CLANG_WARN_BOOL_CONVERSION = YES;
				CLANG_WARN_COMMA = YES;
				CLANG_WARN_CONSTANT_CONVERSION = YES;
				CLANG_WARN_DEPRECATED_OBJC_IMPLEMENTATIONS = YES;
				CLANG_WARN_DIRECT_OBJC_ISA_USAGE = YES_ERROR;
				CLANG_WARN_DOCUMENTATION_COMMENTS = YES;
				CLANG_WARN_EMPTY_BODY = YES;
				CLANG_WARN_ENUM_CONVERSION = YES;
				CLANG_WARN_INFINITE_RECURSION = YES;
				CLANG_WARN_INT_CONVERSION = YES;
				CLANG_WARN_NON_LITERAL_NULL_CONVERSION = YES;
				CLANG_WARN_OBJC_IMPLICIT_RETAIN_SELF = YES;
				CLANG_WARN_OBJC_LITERAL_CONVERSION = YES;
				CLANG_WARN_OBJC_ROOT_CLASS = YES_ERROR;
				CLANG_WARN_QUOTED_INCLUDE_IN_FRAMEWORK_HEADER = YES;
				CLANG_WARN_RANGE_LOOP_ANALYSIS = YES;
				CLANG_WARN_STRICT_PROTOTYPES = YES;
				CLANG_WARN_SUSPICIOUS_MOVE = YES;
				CLANG_WARN_UNGUARDED_AVAILABILITY = YES_AGGRESSIVE;
				CLANG_WARN_UNREACHABLE_CODE = YES;
				CLANG_WARN__DUPLICATE_METHOD_MATCH = YES;
				COPY_PHASE_STRIP = NO;
				DEBUG_INFORMATION_FORMAT = dwarf;
				ENABLE_STRICT_OBJC_MSGSEND = YES;
				ENABLE_TESTABILITY = YES;
				GCC_C_LANGUAGE_STANDARD = gnu11;
				GCC_DYNAMIC_NO_PIC = NO;
				GCC_NO_COMMON_BLOCKS = YES;
				GCC_OPTIMIZATION_LEVEL = 0;
				GCC_PREPROCESSOR_DEFINITIONS = (
					"DEBUG=1",
					"$(inherited)",
				);
				GCC_WARN_64_TO_32_BIT_CONVERSION = YES;
				GCC_WARN_ABOUT_RETURN_TYPE = YES_ERROR;
				GCC_WARN_UNDECLARED_SELECTOR = YES;
				GCC_WARN_UNINITIALIZED_AUTOS = YES_AGGRESSIVE;
				GCC_WARN_UNUSED_FUNCTION = YES;
				GCC_WARN_UNUSED_VARIABLE = YES;
				IPHONEOS_DEPLOYMENT_TARGET = 13.0;
				MTL_ENABLE_DEBUG_INFO = INCLUDE_SOURCE;
				MTL_FAST_MATH = YES;
				ONLY_ACTIVE_ARCH = YES;
				SDKROOT = iphoneos;
				SWIFT_ACTIVE_COMPILATION_CONDITIONS = DEBUG;
				SWIFT_OPTIMIZATION_LEVEL = "-Onone";
			};
			name = Debug;
		};
		31932C9D2782FEE100BCBDAA /* Release */ = {
			isa = XCBuildConfiguration;
			buildSettings = {
				ALWAYS_SEARCH_USER_PATHS = NO;
				CLANG_ANALYZER_NONNULL = YES;
				CLANG_ANALYZER_NUMBER_OBJECT_CONVERSION = YES_AGGRESSIVE;
				CLANG_CXX_LANGUAGE_STANDARD = "gnu++17";
				CLANG_CXX_LIBRARY = "libc++";
				CLANG_ENABLE_MODULES = YES;
				CLANG_ENABLE_OBJC_ARC = YES;
				CLANG_ENABLE_OBJC_WEAK = YES;
				CLANG_WARN_BLOCK_CAPTURE_AUTORELEASING = YES;
				CLANG_WARN_BOOL_CONVERSION = YES;
				CLANG_WARN_COMMA = YES;
				CLANG_WARN_CONSTANT_CONVERSION = YES;
				CLANG_WARN_DEPRECATED_OBJC_IMPLEMENTATIONS = YES;
				CLANG_WARN_DIRECT_OBJC_ISA_USAGE = YES_ERROR;
				CLANG_WARN_DOCUMENTATION_COMMENTS = YES;
				CLANG_WARN_EMPTY_BODY = YES;
				CLANG_WARN_ENUM_CONVERSION = YES;
				CLANG_WARN_INFINITE_RECURSION = YES;
				CLANG_WARN_INT_CONVERSION = YES;
				CLANG_WARN_NON_LITERAL_NULL_CONVERSION = YES;
				CLANG_WARN_OBJC_IMPLICIT_RETAIN_SELF = YES;
				CLANG_WARN_OBJC_LITERAL_CONVERSION = YES;
				CLANG_WARN_OBJC_ROOT_CLASS = YES_ERROR;
				CLANG_WARN_QUOTED_INCLUDE_IN_FRAMEWORK_HEADER = YES;
				CLANG_WARN_RANGE_LOOP_ANALYSIS = YES;
				CLANG_WARN_STRICT_PROTOTYPES = YES;
				CLANG_WARN_SUSPICIOUS_MOVE = YES;
				CLANG_WARN_UNGUARDED_AVAILABILITY = YES_AGGRESSIVE;
				CLANG_WARN_UNREACHABLE_CODE = YES;
				CLANG_WARN__DUPLICATE_METHOD_MATCH = YES;
				COPY_PHASE_STRIP = NO;
				DEBUG_INFORMATION_FORMAT = "dwarf-with-dsym";
				ENABLE_NS_ASSERTIONS = NO;
				ENABLE_STRICT_OBJC_MSGSEND = YES;
				GCC_C_LANGUAGE_STANDARD = gnu11;
				GCC_NO_COMMON_BLOCKS = YES;
				GCC_WARN_64_TO_32_BIT_CONVERSION = YES;
				GCC_WARN_ABOUT_RETURN_TYPE = YES_ERROR;
				GCC_WARN_UNDECLARED_SELECTOR = YES;
				GCC_WARN_UNINITIALIZED_AUTOS = YES_AGGRESSIVE;
				GCC_WARN_UNUSED_FUNCTION = YES;
				GCC_WARN_UNUSED_VARIABLE = YES;
				IPHONEOS_DEPLOYMENT_TARGET = 13.0;
				MTL_ENABLE_DEBUG_INFO = NO;
				MTL_FAST_MATH = YES;
				SDKROOT = iphoneos;
				SWIFT_COMPILATION_MODE = wholemodule;
				SWIFT_OPTIMIZATION_LEVEL = "-O";
				VALIDATE_PRODUCT = YES;
			};
			name = Release;
		};
		31932C9F2782FEE100BCBDAA /* Debug */ = {
			isa = XCBuildConfiguration;
			buildSettings = {
				ASSETCATALOG_COMPILER_APPICON_NAME = AppIcon;
				ASSETCATALOG_COMPILER_GLOBAL_ACCENT_COLOR_NAME = AccentColor;
				CODE_SIGN_STYLE = Automatic;
				CURRENT_PROJECT_VERSION = 1;
				DEVELOPMENT_TEAM = F5RU76NTBA;
				GENERATE_INFOPLIST_FILE = YES;
				INFOPLIST_FILE = HealthSpot/Resources/Plists/Info.plist;
				INFOPLIST_KEY_NSCameraUsageDescription = "We need to access your camera for scanning bar code";
				INFOPLIST_KEY_UIApplicationSupportsIndirectInputEvents = YES;
				INFOPLIST_KEY_UILaunchStoryboardName = LaunchScreen;
				INFOPLIST_KEY_UISupportedInterfaceOrientations = UIInterfaceOrientationPortrait;
				INFOPLIST_KEY_UISupportedInterfaceOrientations_iPad = "UIInterfaceOrientationPortrait UIInterfaceOrientationPortraitUpsideDown UIInterfaceOrientationLandscapeLeft UIInterfaceOrientationLandscapeRight";
				INFOPLIST_KEY_UISupportedInterfaceOrientations_iPhone = "UIInterfaceOrientationPortrait UIInterfaceOrientationLandscapeLeft UIInterfaceOrientationLandscapeRight";
				IPHONEOS_DEPLOYMENT_TARGET = 14.0;
				LD_RUNPATH_SEARCH_PATHS = (
					"$(inherited)",
					"@executable_path/Frameworks",
				);
				MARKETING_VERSION = 1.0;
				PRODUCT_BUNDLE_IDENTIFIER = com.crunch.bugs.club.HealthSpot;
				PRODUCT_NAME = "$(TARGET_NAME)";
				SWIFT_EMIT_LOC_STRINGS = YES;
				SWIFT_VERSION = 5.0;
				TARGETED_DEVICE_FAMILY = "1,2";
			};
			name = Debug;
		};
		31932CA02782FEE100BCBDAA /* Release */ = {
			isa = XCBuildConfiguration;
			buildSettings = {
				ASSETCATALOG_COMPILER_APPICON_NAME = AppIcon;
				ASSETCATALOG_COMPILER_GLOBAL_ACCENT_COLOR_NAME = AccentColor;
				CODE_SIGN_STYLE = Automatic;
				CURRENT_PROJECT_VERSION = 1;
				DEVELOPMENT_TEAM = F5RU76NTBA;
				GENERATE_INFOPLIST_FILE = YES;
				INFOPLIST_FILE = HealthSpot/Resources/Plists/Info.plist;
				INFOPLIST_KEY_NSCameraUsageDescription = "We need to access your camera for scanning bar code";
				INFOPLIST_KEY_UIApplicationSupportsIndirectInputEvents = YES;
				INFOPLIST_KEY_UILaunchStoryboardName = LaunchScreen;
				INFOPLIST_KEY_UISupportedInterfaceOrientations = UIInterfaceOrientationPortrait;
				INFOPLIST_KEY_UISupportedInterfaceOrientations_iPad = "UIInterfaceOrientationPortrait UIInterfaceOrientationPortraitUpsideDown UIInterfaceOrientationLandscapeLeft UIInterfaceOrientationLandscapeRight";
				INFOPLIST_KEY_UISupportedInterfaceOrientations_iPhone = "UIInterfaceOrientationPortrait UIInterfaceOrientationLandscapeLeft UIInterfaceOrientationLandscapeRight";
				IPHONEOS_DEPLOYMENT_TARGET = 14.0;
				LD_RUNPATH_SEARCH_PATHS = (
					"$(inherited)",
					"@executable_path/Frameworks",
				);
				MARKETING_VERSION = 1.0;
				PRODUCT_BUNDLE_IDENTIFIER = com.crunch.bugs.club.HealthSpot;
				PRODUCT_NAME = "$(TARGET_NAME)";
				SWIFT_EMIT_LOC_STRINGS = YES;
				SWIFT_VERSION = 5.0;
				TARGETED_DEVICE_FAMILY = "1,2";
			};
			name = Release;
		};
/* End XCBuildConfiguration section */

/* Begin XCConfigurationList section */
		31932C852782FEDE00BCBDAA /* Build configuration list for PBXProject "HealthSpot" */ = {
			isa = XCConfigurationList;
			buildConfigurations = (
				31932C9C2782FEE100BCBDAA /* Debug */,
				31932C9D2782FEE100BCBDAA /* Release */,
			);
			defaultConfigurationIsVisible = 0;
			defaultConfigurationName = Release;
		};
		31932C9E2782FEE100BCBDAA /* Build configuration list for PBXNativeTarget "HealthSpot" */ = {
			isa = XCConfigurationList;
			buildConfigurations = (
				31932C9F2782FEE100BCBDAA /* Debug */,
				31932CA02782FEE100BCBDAA /* Release */,
			);
			defaultConfigurationIsVisible = 0;
			defaultConfigurationName = Release;
		};
/* End XCConfigurationList section */

/* Begin XCVersionGroup section */
		FD793748282D4EC5009B091C /* HealthSpot.xcdatamodeld */ = {
			isa = XCVersionGroup;
			children = (
				FD793749282D4EC5009B091C /* HealthSpot.xcdatamodel */,
			);
			currentVersion = FD793749282D4EC5009B091C /* HealthSpot.xcdatamodel */;
			path = HealthSpot.xcdatamodeld;
			sourceTree = "<group>";
			versionGroupType = wrapper.xcdatamodel;
		};
/* End XCVersionGroup section */
	};
	rootObject = 31932C822782FEDE00BCBDAA /* Project object */;
}
